
Microsoft Visual Studio Solution File, Format Version 12.00
# Visual Studio Version 16
VisualStudioVersion = 16.0.32106.194
MinimumVisualStudioVersion = 10.0.40219.1
Project("{FAE04EC0-301F-11D3-BF4B-00C04F79EFBC}") = "Denklik", "Denklik\Denklik.csproj", "{11F27C40-C1ED-41E5-B5BF-AFBCAFC083E5}"
EndProject
Global
	GlobalSection(SolutionConfigurationPlatforms) = preSolution
		Debug|Any CPU = Debug|Any CPU
		Release|Any CPU = Release|Any CPU
	EndGlobalSection
	GlobalSection(ProjectConfigurationPlatforms) = postSolution
		{11F27C40-C1ED-41E5-B5BF-AFBCAFC083E5}.Debug|Any CPU.ActiveCfg = Debug|Any CPU
		{11F27C40-C1ED-41E5-B5BF-AFBCAFC083E5}.Debug|Any CPU.Build.0 = Debug|Any CPU
		{11F27C40-C1ED-41E5-B5BF-AFBCAFC083E5}.Release|Any CPU.ActiveCfg = Release|Any CPU
		{11F27C40-C1ED-41E5-B5BF-AFBCAFC083E5}.Release|Any CPU.Build.0 = Release|Any CPU
	EndGlobalSection
	GlobalSection(SolutionProperties) = preSolution
		HideSolutionNode = FALSE
	EndGlobalSection
	GlobalSection(ExtensibilityGlobals) = postSolution
		SolutionGuid = {34E28551-8F8E-42C1-86F7-EF2D9FB06B07}
	EndGlobalSection
EndGlobal
